
Microsoft Visual Studio Solution File, Format Version 12.00
# Visual Studio 15
VisualStudioVersion = 15.0.28307.902
MinimumVisualStudioVersion = 10.0.40219.1
Project("{FAE04EC0-301F-11D3-BF4B-00C04F79EFBC}") = "DataGrid_Pagination", "DataGrid_Pagination\DataGrid_Pagination.csproj", "{C416510F-DAAE-4758-B0D9-D2C8881FD092}"
EndProject
Global
	GlobalSection(SolutionConfigurationPlatforms) = preSolution
		Debug|Any CPU = Debug|Any CPU
		Release|Any CPU = Release|Any CPU
	EndGlobalSection
	GlobalSection(ProjectConfigurationPlatforms) = postSolution
		{C416510F-DAAE-4758-B0D9-D2C8881FD092}.Debug|Any CPU.ActiveCfg = Debug|Any CPU
		{C416510F-DAAE-4758-B0D9-D2C8881FD092}.Debug|Any CPU.Build.0 = Debug|Any CPU
		{C416510F-DAAE-4758-B0D9-D2C8881FD092}.Release|Any CPU.ActiveCfg = Release|Any CPU
		{C416510F-DAAE-4758-B0D9-D2C8881FD092}.Release|Any CPU.Build.0 = Release|Any CPU
	EndGlobalSection
	GlobalSection(SolutionProperties) = preSolution
		HideSolutionNode = FALSE
	EndGlobalSection
	GlobalSection(ExtensibilityGlobals) = postSolution
		SolutionGuid = {985C1DDE-CAD8-482F-8BFE-7D77FB60765F}
	EndGlobalSection
EndGlobal
